# THIS IS AN AUTOGENERATED FILE. DO NOT EDIT THIS FILE DIRECTLY.
# yarn lockfile v1


"@types/google-apps-script@^1.0.49":
  version "1.0.49"
  resolved "https://registry.yarnpkg.com/@types/google-apps-script/-/google-apps-script-1.0.49.tgz#592977e2c645a7e662160c1d1aac731db376521a"
  integrity sha512-pnWMD5bHd/2aupq4x4b++Yc3KA04vG2ZimZ2aHCc5NSzoM06rup2b45xnQjsK0qYi5fQZBbjXRMZD886oekxfA==

"@types/node@^18.8.2":
  version "18.8.2"
  resolved "https://registry.yarnpkg.com/@types/node/-/node-18.8.2.tgz#17d42c6322d917764dd3d2d3a10d7884925de067"
  integrity sha512-cRMwIgdDN43GO4xMWAfJAecYn8wV4JbsOGHNfNUIDiuYkUYAR5ec4Rj7IO2SAhFPEfpPtLtUTbbny/TCT7aDwA==
