# This file is generated by running "yarn install" inside your project.
# Manual changes might be lost - proceed with caution!

__metadata:
  version: 7
  cacheKey: 9

"@types/google-apps-script@npm:^1.0.49":
  version: 1.0.49
  resolution: "@types/google-apps-script@npm:1.0.49"
  checksum: d494aa0598cef23a5c844d4cfd1373871ade010a307fb90ddbd315a3118b275edfa13bdba6f51392cf039e89949ca8d67fb3c39972fb09f7f9974e4ee51a48f4
  languageName: node
  linkType: hard

"@types/node@npm:^18.8.2":
  version: 18.8.2
  resolution: "@types/node@npm:18.8.2"
  checksum: 2a199f877777148eb536f92ca19543e2cff54cfbf966642325f10cffcbeb3ef0a0b456cc766287e1e560946c5c3024f0d310a6345d566d3918d4c9bfcede4c7d
  languageName: node
  linkType: hard

"budget-categories@workspace:.":
  version: 0.0.0-use.local
  resolution: "budget-categories@workspace:."
  dependencies:
    "@types/google-apps-script": "npm:^1.0.49"
    "@types/node": "npm:^18.8.2"
  languageName: unknown
  linkType: soft
