# THIS IS AN AUTOGENERATED FILE. DO NOT EDIT THIS FILE DIRECTLY.
# yarn lockfile v1


"@types/google-apps-script@^1.0.46":
  version "1.0.46"
  resolved "https://registry.yarnpkg.com/@types/google-apps-script/-/google-apps-script-1.0.46.tgz#a529e50a3f236ee2d9bd55d61a14829da8d7d870"
  integrity sha512-az6tRZ/zlkyOvq5zvjHp6Rbz3gqzA0jrR/Yx/pccP4Sy4mKaDw0dJhkoyDXKxBNB42In+xm1FYbGFFt34TTNXA==
